{
  "requires": true,
  "lockfileVersion": 1,
  "dependencies": {
    "@types/webpack-env": {
      "version": "1.16.0",
      "resolved": "https://registry.npmjs.org/@types/webpack-env/-/webpack-env-1.16.0.tgz",
      "integrity": "sha512-Fx+NpfOO0CpeYX2g9bkvX8O5qh9wrU1sOF4g8sft4Mu7z+qfe387YlyY8w8daDyDsKY5vUxM0yxkAYnbkRbZEw==",
      "dev": true
    }
  }
}
